
Microsoft Visual Studio Solution File, Format Version 12.00
# Visual Studio Version 17
VisualStudioVersion = 17.5.002.0
MinimumVisualStudioVersion = 10.0.40219.1
Project("{9A19103F-16F7-4668-BE54-9A1E7A4F7556}") = "Gateway", "Gateway.csproj", "{16E2EBB7-45FD-41E8-A0AF-E34806015186}"
EndProject
Global
	GlobalSection(SolutionConfigurationPlatforms) = preSolution
		Debug|Any CPU = Debug|Any CPU
		Release|Any CPU = Release|Any CPU
	EndGlobalSection
	GlobalSection(ProjectConfigurationPlatforms) = postSolution
		{16E2EBB7-45FD-41E8-A0AF-E34806015186}.Debug|Any CPU.ActiveCfg = Debug|Any CPU
		{16E2EBB7-45FD-41E8-A0AF-E34806015186}.Debug|Any CPU.Build.0 = Debug|Any CPU
		{16E2EBB7-45FD-41E8-A0AF-E34806015186}.Release|Any CPU.ActiveCfg = Release|Any CPU
		{16E2EBB7-45FD-41E8-A0AF-E34806015186}.Release|Any CPU.Build.0 = Release|Any CPU
	EndGlobalSection
	GlobalSection(SolutionProperties) = preSolution
		HideSolutionNode = FALSE
	EndGlobalSection
	GlobalSection(ExtensibilityGlobals) = postSolution
		SolutionGuid = {65C89140-F470-4700-B757-45B9C1AAC8FF}
	EndGlobalSection
EndGlobal
